---
lockfileVersion: '9.0'

importers:

  .:
    configDependencies: {}
    packageManagerDependencies:
      '@pnpm/exe':
        specifier: ~11.0.6
        version: 11.0.6
      pnpm:
        specifier: ~11.0.6
        version: 11.0.6

packages:

  '@pnpm/exe@11.0.6':
    resolution: {integrity: sha512-nbYaKDJRlEiWWIOT2GaUGx21aRceAM0MolAWd8XSH7WR0wllYE1sE1wCHREaQU4K6QY0CCAKq2o/3SODNtySGw==}
    hasBin: true

  '@pnpm/linux-arm64@11.0.6':
    resolution: {integrity: sha512-SAzMgqXIwUDc1GkcaEq7A39MXk5FQEh0n/cz8M9H8s5ChlrmVfKOJSfFl7pX2KvFuAEc0NEtjnyaDMMWoXNhzg==}
    cpu: [arm64]
    os: [linux]

  '@pnpm/linux-x64@11.0.6':
    resolution: {integrity: sha512-DZbtSAWkFAkldW07WNaXQfk2KYZK1OlyPtABHHuzdtdKGe6VM4qWrZWFcdm4ngbcBeXVwlQGzOUw2wsQfWZp9A==}
    cpu: [x64]
    os: [linux]

  '@pnpm/linuxstatic-arm64@11.0.6':
    resolution: {integrity: sha512-eLV4GDiDRmonFCDBYbJ3v6IZLBd2XNjBkQgw+704G6G3h7T1GVEBMNISouCldSZAYYVBCzv47F+VSnpnqORZRw==}
    cpu: [arm64]
    os: [linux]
    libc: [musl]

  '@pnpm/linuxstatic-x64@11.0.6':
    resolution: {integrity: sha512-lTOOx34uJDvtOlrirqXFOz2lWf1NrcDf+FpzA/rynupj2+Bpx9ACbZF8FquXomSOGccPyQcM7dltkOoCSR7Auw==}
    cpu: [x64]
    os: [linux]
    libc: [musl]

  '@pnpm/macos-arm64@11.0.6':
    resolution: {integrity: sha512-QSOpcD1jeUhNqm7H/uJImtaBwF0qX/RqM4KFhfWL3Sr/aarPunJahYwLsT2yAPojHApP+2ogj4+GYMmhedmVgQ==}
    cpu: [arm64]
    os: [darwin]

  '@pnpm/win-arm64@11.0.6':
    resolution: {integrity: sha512-T9MbeQcic4u89tRY2Rrgz8XA7JINTiywpQXJMtI0IOLPXLPcFhonmUToBdNBDxAZ/6dNjm5VnTK955CA5gU2dA==}
    cpu: [arm64]
    os: [win32]

  '@pnpm/win-x64@11.0.6':
    resolution: {integrity: sha512-u5mtdJsbYAIfzLeC3QU0SEGYjfAJ5fh8+HifnwoxUPMVS64VIssXf2tJV4Ay79rXjgAhYgdJejBv5/C7nlzhnw==}
    cpu: [x64]
    os: [win32]

  '@reflink/reflink-darwin-arm64@0.1.19':
    resolution: {integrity: sha512-ruy44Lpepdk1FqDz38vExBY/PVUsjxZA+chd9wozjUH9JjuDT/HEaQYA6wYN9mf041l0yLVar6BCZuWABJvHSA==}
    engines: {node: '>= 10'}
    cpu: [arm64]
    os: [darwin]

  '@reflink/reflink-darwin-x64@0.1.19':
    resolution: {integrity: sha512-By85MSWrMZa+c26TcnAy8SDk0sTUkYlNnwknSchkhHpGXOtjNDUOxJE9oByBnGbeuIE1PiQsxDG3Ud+IVV9yuA==}
    engines: {node: '>= 10'}
    cpu: [x64]
    os: [darwin]

  '@reflink/reflink-linux-arm64-gnu@0.1.19':
    resolution: {integrity: sha512-7P+er8+rP9iNeN+bfmccM4hTAaLP6PQJPKWSA4iSk2bNvo6KU6RyPgYeHxXmzNKzPVRcypZQTpFgstHam6maVg==}
    engines: {node: '>= 10'}
    cpu: [arm64]
    os: [linux]
    libc: [glibc]

  '@reflink/reflink-linux-arm64-musl@0.1.19':
    resolution: {integrity: sha512-37iO/Dp6m5DDaC2sf3zPtx/hl9FV3Xze4xoYidrxxS9bgP3S8ALroxRK6xBG/1TtfXKTvolvp+IjrUU6ujIGmA==}
    engines: {node: '>= 10'}
    cpu: [arm64]
    os: [linux]
    libc: [musl]

  '@reflink/reflink-linux-x64-gnu@0.1.19':
    resolution: {integrity: sha512-jbI8jvuYCaA3MVUdu8vLoLAFqC+iNMpiSuLbxlAgg7x3K5bsS8nOpTRnkLF7vISJ+rVR8W+7ThXlXlUQ93ulkw==}
    engines: {node: '>= 10'}
    cpu: [x64]
    os: [linux]
    libc: [glibc]

  '@reflink/reflink-linux-x64-musl@0.1.19':
    resolution: {integrity: sha512-e9FBWDe+lv7QKAwtKOt6A2W/fyy/aEEfr0g6j/hWzvQcrzHCsz07BNQYlNOjTfeytrtLU7k449H1PI95jA4OjQ==}
    engines: {node: '>= 10'}
    cpu: [x64]
    os: [linux]
    libc: [musl]

  '@reflink/reflink-win32-arm64-msvc@0.1.19':
    resolution: {integrity: sha512-09PxnVIQcd+UOn4WAW73WU6PXL7DwGS6wPlkMhMg2zlHHG65F3vHepOw06HFCq+N42qkaNAc8AKIabWvtk6cIQ==}
    engines: {node: '>= 10'}
    cpu: [arm64]
    os: [win32]

  '@reflink/reflink-win32-x64-msvc@0.1.19':
    resolution: {integrity: sha512-E//yT4ni2SyhwP8JRjVGWr3cbnhWDiPLgnQ66qqaanjjnMiu3O/2tjCPQXlcGc/DEYofpDc9fvhv6tALQsMV9w==}
    engines: {node: '>= 10'}
    cpu: [x64]
    os: [win32]

  '@reflink/reflink@0.1.19':
    resolution: {integrity: sha512-DmCG8GzysnCZ15bres3N5AHCmwBwYgp0As6xjhQ47rAUTUXxJiK+lLUxaGsX3hd/30qUpVElh05PbGuxRPgJwA==}
    engines: {node: '>= 10'}

  detect-libc@2.1.2:
    resolution: {integrity: sha512-Btj2BOOO83o3WyH59e8MgXsxEQVcarkUOpEYrubB0urwnN10yQ364rsiByU11nZlqWYZm05i/of7io4mzihBtQ==}
    engines: {node: '>=8'}

  pnpm@11.0.6:
    resolution: {integrity: sha512-l/kG4dor7aw9+DytrgS0dToTAJLdSdVc02glrT5iPp3z+XdU+PJZ5pkXKjYPrFaazy+Qjncyva4+3bLc9+Eh/Q==}
    engines: {node: '>=22.13'}
    hasBin: true

snapshots:

  '@pnpm/exe@11.0.6':
    dependencies:
      '@reflink/reflink': 0.1.19
      detect-libc: 2.1.2
    optionalDependencies:
      '@pnpm/linux-arm64': 11.0.6
      '@pnpm/linux-x64': 11.0.6
      '@pnpm/linuxstatic-arm64': 11.0.6
      '@pnpm/linuxstatic-x64': 11.0.6
      '@pnpm/macos-arm64': 11.0.6
      '@pnpm/win-arm64': 11.0.6
      '@pnpm/win-x64': 11.0.6

  '@pnpm/linux-arm64@11.0.6':
    optional: true

  '@pnpm/linux-x64@11.0.6':
    optional: true

  '@pnpm/linuxstatic-arm64@11.0.6':
    optional: true

  '@pnpm/linuxstatic-x64@11.0.6':
    optional: true

  '@pnpm/macos-arm64@11.0.6':
    optional: true

  '@pnpm/win-arm64@11.0.6':
    optional: true

  '@pnpm/win-x64@11.0.6':
    optional: true

  '@reflink/reflink-darwin-arm64@0.1.19':
    optional: true

  '@reflink/reflink-darwin-x64@0.1.19':
    optional: true

  '@reflink/reflink-linux-arm64-gnu@0.1.19':
    optional: true

  '@reflink/reflink-linux-arm64-musl@0.1.19':
    optional: true

  '@reflink/reflink-linux-x64-gnu@0.1.19':
    optional: true

  '@reflink/reflink-linux-x64-musl@0.1.19':
    optional: true

  '@reflink/reflink-win32-arm64-msvc@0.1.19':
    optional: true

  '@reflink/reflink-win32-x64-msvc@0.1.19':
    optional: true

  '@reflink/reflink@0.1.19':
    optionalDependencies:
      '@reflink/reflink-darwin-arm64': 0.1.19
      '@reflink/reflink-darwin-x64': 0.1.19
      '@reflink/reflink-linux-arm64-gnu': 0.1.19
      '@reflink/reflink-linux-arm64-musl': 0.1.19
      '@reflink/reflink-linux-x64-gnu': 0.1.19
      '@reflink/reflink-linux-x64-musl': 0.1.19
      '@reflink/reflink-win32-arm64-msvc': 0.1.19
      '@reflink/reflink-win32-x64-msvc': 0.1.19

  detect-libc@2.1.2: {}

  pnpm@11.0.6: {}

---
lockfileVersion: '9.0'

settings:
  autoInstallPeers: true
  excludeLinksFromLockfile: false

importers:

  .:
    dependencies:
      '@hono/node-server':
        specifier: ^2.0.1
        version: 2.0.1(hono@4.12.16)
      hono:
        specifier: ^4.12.16
        version: 4.12.16
    devDependencies:
      '@types/node':
        specifier: ^25.6.0
        version: 25.6.0

packages:

  '@hono/node-server@2.0.1':
    resolution: {integrity: sha512-jI9yMDyFpqBeSighf/zlXnQG/nl9AyBc6aAgy4XtxJMyt/CNyJpvPfzDD+bCc2zAOmhhqtF6TnmIaY+xV4mIrw==}
    engines: {node: '>=20'}
    peerDependencies:
      hono: ^4

  '@types/node@25.6.0':
    resolution: {integrity: sha512-+qIYRKdNYJwY3vRCZMdJbPLJAtGjQBudzZzdzwQYkEPQd+PJGixUL5QfvCLDaULoLv+RhT3LDkwEfKaAkgSmNQ==}

  hono@4.12.16:
    resolution: {integrity: sha512-jN0ZewiNAWSe5khM3EyCmBb250+b40wWbwNILNfEvq84VREWwOIkuUsFONk/3i3nqkz7Oe1PcpM2mwQEK2L9Kg==}
    engines: {node: '>=16.9.0'}

  undici-types@7.19.2:
    resolution: {integrity: sha512-qYVnV5OEm2AW8cJMCpdV20CDyaN3g0AjDlOGf1OW4iaDEx8MwdtChUp4zu4H0VP3nDRF/8RKWH+IPp9uW0YGZg==}

snapshots:

  '@hono/node-server@2.0.1(hono@4.12.16)':
    dependencies:
      hono: 4.12.16

  '@types/node@25.6.0':
    dependencies:
      undici-types: 7.19.2

  hono@4.12.16: {}

  undici-types@7.19.2: {}
