---
lockfileVersion: '9.0'

importers:

  .:
    configDependencies: {}
    packageManagerDependencies:
      '@pnpm/exe':
        specifier: ^11.0.5
        version: 11.0.9
      pnpm:
        specifier: ^11.0.5
        version: 11.0.9

packages:

  '@pnpm/exe@11.0.9':
    resolution: {integrity: sha512-d5sY2jBLVWCC+MrPCgqbDHacmkPwqIjpoBKfczbjzaaNSBN62P6k1SS6R3t4xXlJ2k83HVk9/xgk2OuPJRXpUw==}
    hasBin: true

  '@pnpm/linux-arm64@11.0.9':
    resolution: {integrity: sha512-Kh2gPz1EffY44XFyJsWjWnzzCGn8C5K4tF242JOhlHyxN/O8qKw0nQ8jqkIhP9W9Rinl3W0Yk5cIeVGweq+bCQ==}
    cpu: [arm64]
    os: [linux]

  '@pnpm/linux-x64@11.0.9':
    resolution: {integrity: sha512-jM9UFB9RpV56O30X0F+nyDDX76VBAwfo1LPpTrGFTEh4kVakPi9ypH6NXZG5yBugjOmG7vlQEl3n4EaPzKYuxA==}
    cpu: [x64]
    os: [linux]

  '@pnpm/linuxstatic-arm64@11.0.9':
    resolution: {integrity: sha512-vPP+OnxrZAvhOIdYhK+t99QwbXBnq9WH71Yl3IXPoU398s1zWWDBRNU3YiOBgzLCLaRLFdSxGzzzu9W4xja8CQ==}
    cpu: [arm64]
    os: [linux]
    libc: [musl]

  '@pnpm/linuxstatic-x64@11.0.9':
    resolution: {integrity: sha512-zIv1jal59mOU0vd0X2D8AIuKTE1Qng5Aului7zYADjscokSEjnYlJMwjgEOZlaIm4Mj+nX/inUosvVqVTNMoIA==}
    cpu: [x64]
    os: [linux]
    libc: [musl]

  '@pnpm/macos-arm64@11.0.9':
    resolution: {integrity: sha512-kIZcdmwwtfrydWNFOvTV2lr8PKCO7lLwunGm2ApsxJt+r92PxTg22hBS3+bOK/9QaAQRQWmgncjq3a/fqKVt3A==}
    cpu: [arm64]
    os: [darwin]

  '@pnpm/win-arm64@11.0.9':
    resolution: {integrity: sha512-9yfujTV0CYQl5lsbVCm78mNqrx1wsEK3NhFaX0mC3QQirAuoGOnR2us0OpZZ5lwprmUWVNvKh9Qsi0p1iA3LMg==}
    cpu: [arm64]
    os: [win32]

  '@pnpm/win-x64@11.0.9':
    resolution: {integrity: sha512-HMdWkllT0sjsvXw9EDRBA4p2vz06iEUhlD0Q+/66stevlffj9F8X9sAONsjz4AvoDhn8YTnsE+9oEOBJxgFZmg==}
    cpu: [x64]
    os: [win32]

  '@reflink/reflink-darwin-arm64@0.1.19':
    resolution: {integrity: sha512-ruy44Lpepdk1FqDz38vExBY/PVUsjxZA+chd9wozjUH9JjuDT/HEaQYA6wYN9mf041l0yLVar6BCZuWABJvHSA==}
    engines: {node: '>= 10'}
    cpu: [arm64]
    os: [darwin]

  '@reflink/reflink-darwin-x64@0.1.19':
    resolution: {integrity: sha512-By85MSWrMZa+c26TcnAy8SDk0sTUkYlNnwknSchkhHpGXOtjNDUOxJE9oByBnGbeuIE1PiQsxDG3Ud+IVV9yuA==}
    engines: {node: '>= 10'}
    cpu: [x64]
    os: [darwin]

  '@reflink/reflink-linux-arm64-gnu@0.1.19':
    resolution: {integrity: sha512-7P+er8+rP9iNeN+bfmccM4hTAaLP6PQJPKWSA4iSk2bNvo6KU6RyPgYeHxXmzNKzPVRcypZQTpFgstHam6maVg==}
    engines: {node: '>= 10'}
    cpu: [arm64]
    os: [linux]
    libc: [glibc]

  '@reflink/reflink-linux-arm64-musl@0.1.19':
    resolution: {integrity: sha512-37iO/Dp6m5DDaC2sf3zPtx/hl9FV3Xze4xoYidrxxS9bgP3S8ALroxRK6xBG/1TtfXKTvolvp+IjrUU6ujIGmA==}
    engines: {node: '>= 10'}
    cpu: [arm64]
    os: [linux]
    libc: [musl]

  '@reflink/reflink-linux-x64-gnu@0.1.19':
    resolution: {integrity: sha512-jbI8jvuYCaA3MVUdu8vLoLAFqC+iNMpiSuLbxlAgg7x3K5bsS8nOpTRnkLF7vISJ+rVR8W+7ThXlXlUQ93ulkw==}
    engines: {node: '>= 10'}
    cpu: [x64]
    os: [linux]
    libc: [glibc]

  '@reflink/reflink-linux-x64-musl@0.1.19':
    resolution: {integrity: sha512-e9FBWDe+lv7QKAwtKOt6A2W/fyy/aEEfr0g6j/hWzvQcrzHCsz07BNQYlNOjTfeytrtLU7k449H1PI95jA4OjQ==}
    engines: {node: '>= 10'}
    cpu: [x64]
    os: [linux]
    libc: [musl]

  '@reflink/reflink-win32-arm64-msvc@0.1.19':
    resolution: {integrity: sha512-09PxnVIQcd+UOn4WAW73WU6PXL7DwGS6wPlkMhMg2zlHHG65F3vHepOw06HFCq+N42qkaNAc8AKIabWvtk6cIQ==}
    engines: {node: '>= 10'}
    cpu: [arm64]
    os: [win32]

  '@reflink/reflink-win32-x64-msvc@0.1.19':
    resolution: {integrity: sha512-E//yT4ni2SyhwP8JRjVGWr3cbnhWDiPLgnQ66qqaanjjnMiu3O/2tjCPQXlcGc/DEYofpDc9fvhv6tALQsMV9w==}
    engines: {node: '>= 10'}
    cpu: [x64]
    os: [win32]

  '@reflink/reflink@0.1.19':
    resolution: {integrity: sha512-DmCG8GzysnCZ15bres3N5AHCmwBwYgp0As6xjhQ47rAUTUXxJiK+lLUxaGsX3hd/30qUpVElh05PbGuxRPgJwA==}
    engines: {node: '>= 10'}

  detect-libc@2.1.2:
    resolution: {integrity: sha512-Btj2BOOO83o3WyH59e8MgXsxEQVcarkUOpEYrubB0urwnN10yQ364rsiByU11nZlqWYZm05i/of7io4mzihBtQ==}
    engines: {node: '>=8'}

  pnpm@11.0.9:
    resolution: {integrity: sha512-NM6C5ngCM8+crYaFApqPgdLgYZbFqbrZiHn3QklAxoF8TkUk+304uFU87tSLl1i4668avTYAwjLEyM9zZghvOA==}
    engines: {node: '>=22.13'}
    hasBin: true

snapshots:

  '@pnpm/exe@11.0.9':
    dependencies:
      '@reflink/reflink': 0.1.19
      detect-libc: 2.1.2
    optionalDependencies:
      '@pnpm/linux-arm64': 11.0.9
      '@pnpm/linux-x64': 11.0.9
      '@pnpm/linuxstatic-arm64': 11.0.9
      '@pnpm/linuxstatic-x64': 11.0.9
      '@pnpm/macos-arm64': 11.0.9
      '@pnpm/win-arm64': 11.0.9
      '@pnpm/win-x64': 11.0.9

  '@pnpm/linux-arm64@11.0.9':
    optional: true

  '@pnpm/linux-x64@11.0.9':
    optional: true

  '@pnpm/linuxstatic-arm64@11.0.9':
    optional: true

  '@pnpm/linuxstatic-x64@11.0.9':
    optional: true

  '@pnpm/macos-arm64@11.0.9':
    optional: true

  '@pnpm/win-arm64@11.0.9':
    optional: true

  '@pnpm/win-x64@11.0.9':
    optional: true

  '@reflink/reflink-darwin-arm64@0.1.19':
    optional: true

  '@reflink/reflink-darwin-x64@0.1.19':
    optional: true

  '@reflink/reflink-linux-arm64-gnu@0.1.19':
    optional: true

  '@reflink/reflink-linux-arm64-musl@0.1.19':
    optional: true

  '@reflink/reflink-linux-x64-gnu@0.1.19':
    optional: true

  '@reflink/reflink-linux-x64-musl@0.1.19':
    optional: true

  '@reflink/reflink-win32-arm64-msvc@0.1.19':
    optional: true

  '@reflink/reflink-win32-x64-msvc@0.1.19':
    optional: true

  '@reflink/reflink@0.1.19':
    optionalDependencies:
      '@reflink/reflink-darwin-arm64': 0.1.19
      '@reflink/reflink-darwin-x64': 0.1.19
      '@reflink/reflink-linux-arm64-gnu': 0.1.19
      '@reflink/reflink-linux-arm64-musl': 0.1.19
      '@reflink/reflink-linux-x64-gnu': 0.1.19
      '@reflink/reflink-linux-x64-musl': 0.1.19
      '@reflink/reflink-win32-arm64-msvc': 0.1.19
      '@reflink/reflink-win32-x64-msvc': 0.1.19

  detect-libc@2.1.2: {}

  pnpm@11.0.9: {}

---
lockfileVersion: '9.0'

settings:
  autoInstallPeers: true
  excludeLinksFromLockfile: false

importers:

  .:
    dependencies:
      chalk:
        specifier: ^5.6.2
        version: 5.6.2
    devDependencies:
      '@types/node':
        specifier: ^25.6.2
        version: 25.6.2

packages:

  '@types/node@25.6.2':
    resolution: {integrity: sha512-sokuT28dxf9JT5Kady1fsXOvI4HVpjZa95NKT5y9PNTIrs2AsobR4GFAA90ZG8M+nxVRLysCXsVj6eGC7Vbrlw==}

  chalk@5.6.2:
    resolution: {integrity: sha512-7NzBL0rN6fMUW+f7A6Io4h40qQlG+xGmtMxfbnH/K7TAtt8JQWVQK+6g0UXKMeVJoyV5EkkNsErQ8pVD3bLHbA==}
    engines: {node: ^12.17.0 || ^14.13 || >=16.0.0}

  undici-types@7.19.2:
    resolution: {integrity: sha512-qYVnV5OEm2AW8cJMCpdV20CDyaN3g0AjDlOGf1OW4iaDEx8MwdtChUp4zu4H0VP3nDRF/8RKWH+IPp9uW0YGZg==}

snapshots:

  '@types/node@25.6.2':
    dependencies:
      undici-types: 7.19.2

  chalk@5.6.2: {}

  undici-types@7.19.2: {}
